
Microsoft Visual Studio Solution File, Format Version 12.00
# Visual Studio Version 17
VisualStudioVersion = 17.0.31903.59
MinimumVisualStudioVersion = 10.0.40219.1
Project("{FAE04EC0-301F-11D3-BF4B-00C04F79EFBC}") = "BupaDinner.Api", "BupaDinner.Api\BupaDinner.Api.csproj", "{8B125222-1C24-4A85-A179-00C4E7D464C5}"
EndProject
Project("{FAE04EC0-301F-11D3-BF4B-00C04F79EFBC}") = "BupaDinner.Application", "BupaDinner.Application\BupaDinner.Application.csproj", "{F923B51A-9C2A-4894-937B-6D8DCE3641FF}"
EndProject
Project("{FAE04EC0-301F-11D3-BF4B-00C04F79EFBC}") = "BupaDinner.Domain", "BupaDinner.Domain\BupaDinner.Domain.csproj", "{D41547BB-1B64-41E7-803B-721FB73A3F6C}"
EndProject
Project("{FAE04EC0-301F-11D3-BF4B-00C04F79EFBC}") = "BupaDinner.Infrastructure", "BupaDinner.Infrastructure\BupaDinner.Infrastructure.csproj", "{75620022-52FE-4266-9422-F9D27B291F4C}"
EndProject
Global
	GlobalSection(SolutionConfigurationPlatforms) = preSolution
		Debug|Any CPU = Debug|Any CPU
		Release|Any CPU = Release|Any CPU
	EndGlobalSection
	GlobalSection(SolutionProperties) = preSolution
		HideSolutionNode = FALSE
	EndGlobalSection
	GlobalSection(ProjectConfigurationPlatforms) = postSolution
		{8B125222-1C24-4A85-A179-00C4E7D464C5}.Debug|Any CPU.ActiveCfg = Debug|Any CPU
		{8B125222-1C24-4A85-A179-00C4E7D464C5}.Debug|Any CPU.Build.0 = Debug|Any CPU
		{8B125222-1C24-4A85-A179-00C4E7D464C5}.Release|Any CPU.ActiveCfg = Release|Any CPU
		{8B125222-1C24-4A85-A179-00C4E7D464C5}.Release|Any CPU.Build.0 = Release|Any CPU
		{F923B51A-9C2A-4894-937B-6D8DCE3641FF}.Debug|Any CPU.ActiveCfg = Debug|Any CPU
		{F923B51A-9C2A-4894-937B-6D8DCE3641FF}.Debug|Any CPU.Build.0 = Debug|Any CPU
		{F923B51A-9C2A-4894-937B-6D8DCE3641FF}.Release|Any CPU.ActiveCfg = Release|Any CPU
		{F923B51A-9C2A-4894-937B-6D8DCE3641FF}.Release|Any CPU.Build.0 = Release|Any CPU
		{D41547BB-1B64-41E7-803B-721FB73A3F6C}.Debug|Any CPU.ActiveCfg = Debug|Any CPU
		{D41547BB-1B64-41E7-803B-721FB73A3F6C}.Debug|Any CPU.Build.0 = Debug|Any CPU
		{D41547BB-1B64-41E7-803B-721FB73A3F6C}.Release|Any CPU.ActiveCfg = Release|Any CPU
		{D41547BB-1B64-41E7-803B-721FB73A3F6C}.Release|Any CPU.Build.0 = Release|Any CPU
		{75620022-52FE-4266-9422-F9D27B291F4C}.Debug|Any CPU.ActiveCfg = Debug|Any CPU
		{75620022-52FE-4266-9422-F9D27B291F4C}.Debug|Any CPU.Build.0 = Debug|Any CPU
		{75620022-52FE-4266-9422-F9D27B291F4C}.Release|Any CPU.ActiveCfg = Release|Any CPU
		{75620022-52FE-4266-9422-F9D27B291F4C}.Release|Any CPU.Build.0 = Release|Any CPU
	EndGlobalSection
EndGlobal
